<?xml version="1.0" encoding="utf-8"?>
<Project ToolsVersion="4.0" xmlns="http://schemas.microsoft.com/developer/msbuild/2003">
  <ItemGroup>
    <Filter Include="Source Files">
      <UniqueIdentifier>{37097cfc-0c8e-4d20-8721-810c3033d5dc}</UniqueIdentifier>
      <Extensions>cpp;c;cxx;rc;def;r;odl;idl;hpj;bat</Extensions>
    </Filter>
    <Filter Include="Header Files">
      <UniqueIdentifier>{242f1bab-d300-4c70-8fbd-b07bc47b6daa}</UniqueIdentifier>
      <Extensions>h;hpp;hxx;hm;inl</Extensions>
    </Filter>
    <Filter Include="Resource Files">
      <UniqueIdentifier>{dad5dffd-207f-41cb-9014-717592304fbb}</UniqueIdentifier>
      <Extensions>ico;cur;bmp;dlg;rc2;rct;bin;rgs;gif;jpg;jpeg;jpe</Extensions>
    </Filter>
  </ItemGroup>
  <ItemGroup>
    <ClCompile Include="..\cfgvars.c">
      <Filter>Source Files</Filter>
    </ClCompile>
    <ClCompile Include="..\condacto.c">
      <Filter>Source Files</Filter>
    </ClCompile>
    <ClCompile Include="dirent\dirent.c">
      <Filter>Source Files</Filter>
    </ClCompile>
    <ClCompile Include="..\errores.c">
      <Filter>Source Files</Filter>
    </ClCompile>
    <ClCompile Include="..\generar.c">
      <Filter>Source Files</Filter>
    </ClCompile>
    <ClCompile Include="..\lexico.c">
      <Filter>Source Files</Filter>
    </ClCompile>
    <ClCompile Include="..\objetos.c">
      <Filter>Source Files</Filter>
    </ClCompile>
    <ClCompile Include="..\procesos.c">
      <Filter>Source Files</Filter>
    </ClCompile>
    <ClCompile Include="..\salidas.c">
      <Filter>Source Files</Filter>
    </ClCompile>
    <ClCompile Include="..\sintacti.c">
      <Filter>Source Files</Filter>
    </ClCompile>
    <ClCompile Include="..\textos.c">
      <Filter>Source Files</Filter>
    </ClCompile>
    <ClCompile Include="..\vocabula.c">
      <Filter>Source Files</Filter>
    </ClCompile>
    <ClCompile Include="..\cjs.c">
      <Filter>Source Files</Filter>
    </ClCompile>
  </ItemGroup>
  <ItemGroup>
    <ClInclude Include="..\cfgvars.h">
      <Filter>Header Files</Filter>
    </ClInclude>
    <ClInclude Include="..\comun.h">
      <Filter>Header Files</Filter>
    </ClInclude>
    <ClInclude Include="..\condacto.h">
      <Filter>Header Files</Filter>
    </ClInclude>
    <ClInclude Include="..\config.h">
      <Filter>Header Files</Filter>
    </ClInclude>
    <ClInclude Include="dirent\dirent.h">
      <Filter>Header Files</Filter>
    </ClInclude>
    <ClInclude Include="..\errores.h">
      <Filter>Header Files</Filter>
    </ClInclude>
    <ClInclude Include="..\generar.h">
      <Filter>Header Files</Filter>
    </ClInclude>
    <ClInclude Include="..\lexico.h">
      <Filter>Header Files</Filter>
    </ClInclude>
    <ClInclude Include="..\objetos.h">
      <Filter>Header Files</Filter>
    </ClInclude>
    <ClInclude Include="..\procesos.h">
      <Filter>Header Files</Filter>
    </ClInclude>
    <ClInclude Include="..\salidas.h">
      <Filter>Header Files</Filter>
    </ClInclude>
    <ClInclude Include="..\sintacti.h">
      <Filter>Header Files</Filter>
    </ClInclude>
    <ClInclude Include="..\textos.h">
      <Filter>Header Files</Filter>
    </ClInclude>
    <ClInclude Include="..\vocabula.h">
      <Filter>Header Files</Filter>
    </ClInclude>
  </ItemGroup>
</Project>